
Microsoft Visual Studio Solution File, Format Version 12.00
# Visual Studio Version 17
VisualStudioVersion = 17.3.32901.215
MinimumVisualStudioVersion = 10.0.40219.1
Project("{9A19103F-16F7-4668-BE54-9A1E7A4F7556}") = "eWallet.Data", "eWallet.Data\eWallet.Data.csproj", "{FD1C18DA-FD76-493E-A2D4-EC51B53570E6}"
EndProject
Project("{9A19103F-16F7-4668-BE54-9A1E7A4F7556}") = "eWallet.Web", "eWallet.Web\eWallet.Web.csproj", "{03176989-67F2-41DA-ACDF-2FB59BABC828}"
EndProject
Project("{9A19103F-16F7-4668-BE54-9A1E7A4F7556}") = "eWallet.Api", "eWallet.Api\eWallet.Api.csproj", "{486BABAB-2548-4DB9-8064-61491AEE26DB}"
EndProject
Project("{9A19103F-16F7-4668-BE54-9A1E7A4F7556}") = "eWallet.Services", "eWallet.Services\eWallet.Services.csproj", "{EC40BA7A-3EC2-40EC-BC9F-B4C69BFDDEFD}"
EndProject
Project("{9A19103F-16F7-4668-BE54-9A1E7A4F7556}") = "eWallet.Utilities", "eWallet.Utilities\eWallet.Utilities.csproj", "{D5656981-B0AC-4F7A-8F40-64C8FCAB58EE}"
EndProject
Project("{9A19103F-16F7-4668-BE54-9A1E7A4F7556}") = "eWallet.WebAdmin", "eWallet.WebAdmin\eWallet.WebAdmin.csproj", "{49E15B0D-51FA-4CB1-8653-8564C53B0856}"
EndProject
Global
	GlobalSection(SolutionConfigurationPlatforms) = preSolution
		Debug|Any CPU = Debug|Any CPU
		Release|Any CPU = Release|Any CPU
	EndGlobalSection
	GlobalSection(ProjectConfigurationPlatforms) = postSolution
		{FD1C18DA-FD76-493E-A2D4-EC51B53570E6}.Debug|Any CPU.ActiveCfg = Debug|Any CPU
		{FD1C18DA-FD76-493E-A2D4-EC51B53570E6}.Debug|Any CPU.Build.0 = Debug|Any CPU
		{FD1C18DA-FD76-493E-A2D4-EC51B53570E6}.Release|Any CPU.ActiveCfg = Release|Any CPU
		{FD1C18DA-FD76-493E-A2D4-EC51B53570E6}.Release|Any CPU.Build.0 = Release|Any CPU
		{03176989-67F2-41DA-ACDF-2FB59BABC828}.Debug|Any CPU.ActiveCfg = Debug|Any CPU
		{03176989-67F2-41DA-ACDF-2FB59BABC828}.Debug|Any CPU.Build.0 = Debug|Any CPU
		{03176989-67F2-41DA-ACDF-2FB59BABC828}.Release|Any CPU.ActiveCfg = Release|Any CPU
		{03176989-67F2-41DA-ACDF-2FB59BABC828}.Release|Any CPU.Build.0 = Release|Any CPU
		{486BABAB-2548-4DB9-8064-61491AEE26DB}.Debug|Any CPU.ActiveCfg = Debug|Any CPU
		{486BABAB-2548-4DB9-8064-61491AEE26DB}.Debug|Any CPU.Build.0 = Debug|Any CPU
		{486BABAB-2548-4DB9-8064-61491AEE26DB}.Release|Any CPU.ActiveCfg = Release|Any CPU
		{486BABAB-2548-4DB9-8064-61491AEE26DB}.Release|Any CPU.Build.0 = Release|Any CPU
		{EC40BA7A-3EC2-40EC-BC9F-B4C69BFDDEFD}.Debug|Any CPU.ActiveCfg = Debug|Any CPU
		{EC40BA7A-3EC2-40EC-BC9F-B4C69BFDDEFD}.Debug|Any CPU.Build.0 = Debug|Any CPU
		{EC40BA7A-3EC2-40EC-BC9F-B4C69BFDDEFD}.Release|Any CPU.ActiveCfg = Release|Any CPU
		{EC40BA7A-3EC2-40EC-BC9F-B4C69BFDDEFD}.Release|Any CPU.Build.0 = Release|Any CPU
		{D5656981-B0AC-4F7A-8F40-64C8FCAB58EE}.Debug|Any CPU.ActiveCfg = Debug|Any CPU
		{D5656981-B0AC-4F7A-8F40-64C8FCAB58EE}.Debug|Any CPU.Build.0 = Debug|Any CPU
		{D5656981-B0AC-4F7A-8F40-64C8FCAB58EE}.Release|Any CPU.ActiveCfg = Release|Any CPU
		{D5656981-B0AC-4F7A-8F40-64C8FCAB58EE}.Release|Any CPU.Build.0 = Release|Any CPU
		{49E15B0D-51FA-4CB1-8653-8564C53B0856}.Debug|Any CPU.ActiveCfg = Debug|Any CPU
		{49E15B0D-51FA-4CB1-8653-8564C53B0856}.Debug|Any CPU.Build.0 = Debug|Any CPU
		{49E15B0D-51FA-4CB1-8653-8564C53B0856}.Release|Any CPU.ActiveCfg = Release|Any CPU
		{49E15B0D-51FA-4CB1-8653-8564C53B0856}.Release|Any CPU.Build.0 = Release|Any CPU
	EndGlobalSection
	GlobalSection(SolutionProperties) = preSolution
		HideSolutionNode = FALSE
	EndGlobalSection
	GlobalSection(ExtensibilityGlobals) = postSolution
		SolutionGuid = {FB8023AA-822B-4FFC-82E0-6C757E9E70E3}
	EndGlobalSection
EndGlobal
